Microsoft Visual Studio Solution File, Format Version 12.00
# Visual Studio Version 17
VisualStudioVersion = 17.5.2.0
MinimumVisualStudioVersion = 10.0.40219.1
Project("{FAE04EC0-301F-11D3-BF4B-00C04F79EFBC}") = "QuickMart_Profit_Calculato", "QuickMart_Profit_Calculato\QuickMart_Profit_Calculato.csproj", "{A6807A7A-EE01-A35A-6015-0BAEFBB3B279}"
EndProject
Global
	GlobalSection(SolutionConfigurationPlatforms) = preSolution
		Debug|Any CPU = Debug|Any CPU
		Release|Any CPU = Release|Any CPU
	EndGlobalSection
	GlobalSection(ProjectConfigurationPlatforms) = postSolution
		{A6807A7A-EE01-A35A-6015-0BAEFBB3B279}.Debug|Any CPU.ActiveCfg = Debug|Any CPU
		{A6807A7A-EE01-A35A-6015-0BAEFBB3B279}.Debug|Any CPU.Build.0 = Debug|Any CPU
		{A6807A7A-EE01-A35A-6015-0BAEFBB3B279}.Release|Any CPU.ActiveCfg = Release|Any CPU
		{A6807A7A-EE01-A35A-6015-0BAEFBB3B279}.Release|Any CPU.Build.0 = Release|Any CPU
	EndGlobalSection
	GlobalSection(SolutionProperties) = preSolution
		HideSolutionNode = FALSE
	EndGlobalSection
	GlobalSection(ExtensibilityGlobals) = postSolution
		SolutionGuid = {CEE88FAB-F606-4FD8-8178-B456A4096FC3}
	EndGlobalSection
EndGlobal
